// !$*UTF8*$!
{
	archiveVersion = 1;
	classes = {
	};
	objectVersion = 46;
	objects = {

/* Begin PBXBuildFile section */
		292D558C1CBC468B0062BD1A /* DelegateCollectionCell.swift in Sources */ = {isa = PBXBuildFile; fileRef = 292D558B1CBC468B0062BD1A /* DelegateCollectionCell.swift */; };
		2955918D1D8ECD5400AFA364 /* AppDelegate.swift in Sources */ = {isa = PBXBuildFile; fileRef = 2955918C1D8ECD5400AFA364 /* AppDelegate.swift */; };
		2955918F1D8ECD5400AFA364 /* ViewController.swift in Sources */ = {isa = PBXBuildFile; fileRef = 2955918E1D8ECD5400AFA364 /* ViewController.swift */; };
		295591921D8ECD5400AFA364 /* Main.storyboard in Resources */ = {isa = PBXBuildFile; fileRef = 295591901D8ECD5400AFA364 /* Main.storyboard */; };
		295591941D8ECD5400AFA364 /* Assets.xcassets in Resources */ = {isa = PBXBuildFile; fileRef = 295591931D8ECD5400AFA364 /* Assets.xcassets */; };
		295591971D8ECD5400AFA364 /* LaunchScreen.storyboard in Resources */ = {isa = PBXBuildFile; fileRef = 295591951D8ECD5400AFA364 /* LaunchScreen.storyboard */; };
		29D2C44B1E1B0366004E9B0B /* UIView+Frame.swift in Sources */ = {isa = PBXBuildFile; fileRef = 29D2C44A1E1B0366004E9B0B /* UIView+Frame.swift */; };
		29DF9CF71D86103F00916D21 /* ContentSize.swift in Sources */ = {isa = PBXBuildFile; fileRef = 29DF9CF61D86103F00916D21 /* ContentSize.swift */; };
		29DF9CF91D86107F00916D21 /* UICollectionViewCell+ContentSize.swift in Sources */ = {isa = PBXBuildFile; fileRef = 29DF9CF81D86107F00916D21 /* UICollectionViewCell+ContentSize.swift */; };
		F8944D6C1CB7AE3E00E0F3E9 /* CollectionViewAdapter.h in Headers */ = {isa = PBXBuildFile; fileRef = F8944D6B1CB7AE3E00E0F3E9 /* CollectionViewAdapter.h */; settings = {ATTRIBUTES = (Public, ); }; };
		F8944D7A1CB7AE5700E0F3E9 /* CellDataHolder.swift in Sources */ = {isa = PBXBuildFile; fileRef = F8944D731CB7AE5700E0F3E9 /* CellDataHolder.swift */; };
		F8944D7B1CB7AE5700E0F3E9 /* CellViewBinder.swift in Sources */ = {isa = PBXBuildFile; fileRef = F8944D741CB7AE5700E0F3E9 /* CellViewBinder.swift */; };
		F8944D7C1CB7AE5700E0F3E9 /* CellViewBinderDelegates.swift in Sources */ = {isa = PBXBuildFile; fileRef = F8944D751CB7AE5700E0F3E9 /* CellViewBinderDelegates.swift */; };
		F8944D7E1CB7AE5700E0F3E9 /* DelegateCollectionView.swift in Sources */ = {isa = PBXBuildFile; fileRef = F8944D771CB7AE5700E0F3E9 /* DelegateCollectionView.swift */; };
		F8944D7F1CB7AE5700E0F3E9 /* DelegeteCellManager.swift in Sources */ = {isa = PBXBuildFile; fileRef = F8944D781CB7AE5700E0F3E9 /* DelegeteCellManager.swift */; };
		F8944D801CB7AE5700E0F3E9 /* DelegeteCellManager+CollectionViewDelegates.swift in Sources */ = {isa = PBXBuildFile; fileRef = F8944D791CB7AE5700E0F3E9 /* DelegeteCellManager+CollectionViewDelegates.swift */; };
		F8B942C51DD9CFEF00B80A26 /* CollectionViewAdapter.framework in Frameworks */ = {isa = PBXBuildFile; fileRef = F8944D681CB7AE3E00E0F3E9 /* CollectionViewAdapter.framework */; };
		F8B942C61DD9CFEF00B80A26 /* CollectionViewAdapter.framework in Embed Frameworks */ = {isa = PBXBuildFile; fileRef = F8944D681CB7AE3E00E0F3E9 /* CollectionViewAdapter.framework */; settings = {ATTRIBUTES = (CodeSignOnCopy, RemoveHeadersOnCopy, ); }; };
/* End PBXBuildFile section */

/* Begin PBXContainerItemProxy section */
		F8B942C71DD9CFEF00B80A26 /* PBXContainerItemProxy */ = {
			isa = PBXContainerItemProxy;
			containerPortal = F8944D5F1CB7AE3E00E0F3E9 /* Project object */;
			proxyType = 1;
			remoteGlobalIDString = F8944D671CB7AE3E00E0F3E9;
			remoteInfo = CollectionViewAdapter;
		};
/* End PBXContainerItemProxy section */

/* Begin PBXCopyFilesBuildPhase section */
		F8B942C91DD9CFEF00B80A26 /* Embed Frameworks */ = {
			isa = PBXCopyFilesBuildPhase;
			buildActionMask = 2147483647;
			dstPath = "";
			dstSubfolderSpec = 10;
			files = (
				F8B942C61DD9CFEF00B80A26 /* CollectionViewAdapter.framework in Embed Frameworks */,
			);
			name = "Embed Frameworks";
			runOnlyForDeploymentPostprocessing = 0;
		};
/* End PBXCopyFilesBuildPhase section */

/* Begin PBXFileReference section */
		292D558B1CBC468B0062BD1A /* DelegateCollectionCell.swift */ = {isa = PBXFileReference; fileEncoding = 4; lastKnownFileType = sourcecode.swift; path = DelegateCollectionCell.swift; sourceTree = "<group>"; };
		2955918A1D8ECD5400AFA364 /* Test.app */ = {isa = PBXFileReference; explicitFileType = wrapper.application; includeInIndex = 0; path = Test.app; sourceTree = BUILT_PRODUCTS_DIR; };
		2955918C1D8ECD5400AFA364 /* AppDelegate.swift */ = {isa = PBXFileReference; lastKnownFileType = sourcecode.swift; path = AppDelegate.swift; sourceTree = "<group>"; };
		2955918E1D8ECD5400AFA364 /* ViewController.swift */ = {isa = PBXFileReference; lastKnownFileType = sourcecode.swift; path = ViewController.swift; sourceTree = "<group>"; };
		295591911D8ECD5400AFA364 /* Base */ = {isa = PBXFileReference; lastKnownFileType = file.storyboard; name = Base; path = Base.lproj/Main.storyboard; sourceTree = "<group>"; };
		295591931D8ECD5400AFA364 /* Assets.xcassets */ = {isa = PBXFileReference; lastKnownFileType = folder.assetcatalog; path = Assets.xcassets; sourceTree = "<group>"; };
		295591961D8ECD5400AFA364 /* Base */ = {isa = PBXFileReference; lastKnownFileType = file.storyboard; name = Base; path = Base.lproj/LaunchScreen.storyboard; sourceTree = "<group>"; };
		295591981D8ECD5400AFA364 /* Info.plist */ = {isa = PBXFileReference; lastKnownFileType = text.plist.xml; path = Info.plist; sourceTree = "<group>"; };
		29D2C44A1E1B0366004E9B0B /* UIView+Frame.swift */ = {isa = PBXFileReference; fileEncoding = 4; lastKnownFileType = sourcecode.swift; path = "UIView+Frame.swift"; sourceTree = "<group>"; };
		29DF9CF61D86103F00916D21 /* ContentSize.swift */ = {isa = PBXFileReference; fileEncoding = 4; lastKnownFileType = sourcecode.swift; path = ContentSize.swift; sourceTree = "<group>"; };
		29DF9CF81D86107F00916D21 /* UICollectionViewCell+ContentSize.swift */ = {isa = PBXFileReference; fileEncoding = 4; lastKnownFileType = sourcecode.swift; path = "UICollectionViewCell+ContentSize.swift"; sourceTree = "<group>"; };
		F8944D681CB7AE3E00E0F3E9 /* CollectionViewAdapter.framework */ = {isa = PBXFileReference; explicitFileType = wrapper.framework; includeInIndex = 0; path = CollectionViewAdapter.framework; sourceTree = BUILT_PRODUCTS_DIR; };
		F8944D6B1CB7AE3E00E0F3E9 /* CollectionViewAdapter.h */ = {isa = PBXFileReference; lastKnownFileType = sourcecode.c.h; path = CollectionViewAdapter.h; sourceTree = "<group>"; };
		F8944D6D1CB7AE3E00E0F3E9 /* Info.plist */ = {isa = PBXFileReference; lastKnownFileType = text.plist.xml; path = Info.plist; sourceTree = "<group>"; };
		F8944D731CB7AE5700E0F3E9 /* CellDataHolder.swift */ = {isa = PBXFileReference; fileEncoding = 4; lastKnownFileType = sourcecode.swift; path = CellDataHolder.swift; sourceTree = "<group>"; };
		F8944D741CB7AE5700E0F3E9 /* CellViewBinder.swift */ = {isa = PBXFileReference; fileEncoding = 4; lastKnownFileType = sourcecode.swift; path = CellViewBinder.swift; sourceTree = "<group>"; };
		F8944D751CB7AE5700E0F3E9 /* CellViewBinderDelegates.swift */ = {isa = PBXFileReference; fileEncoding = 4; lastKnownFileType = sourcecode.swift; path = CellViewBinderDelegates.swift; sourceTree = "<group>"; };
		F8944D771CB7AE5700E0F3E9 /* DelegateCollectionView.swift */ = {isa = PBXFileReference; fileEncoding = 4; lastKnownFileType = sourcecode.swift; path = DelegateCollectionView.swift; sourceTree = "<group>"; };
		F8944D781CB7AE5700E0F3E9 /* DelegeteCellManager.swift */ = {isa = PBXFileReference; fileEncoding = 4; lastKnownFileType = sourcecode.swift; path = DelegeteCellManager.swift; sourceTree = "<group>"; };
		F8944D791CB7AE5700E0F3E9 /* DelegeteCellManager+CollectionViewDelegates.swift */ = {isa = PBXFileReference; fileEncoding = 4; lastKnownFileType = sourcecode.swift; path = "DelegeteCellManager+CollectionViewDelegates.swift"; sourceTree = "<group>"; };
/* End PBXFileReference section */

/* Begin PBXFrameworksBuildPhase section */
		295591871D8ECD5400AFA364 /* Frameworks */ = {
			isa = PBXFrameworksBuildPhase;
			buildActionMask = 2147483647;
			files = (
				F8B942C51DD9CFEF00B80A26 /* CollectionViewAdapter.framework in Frameworks */,
			);
			runOnlyForDeploymentPostprocessing = 0;
		};
		F8944D641CB7AE3E00E0F3E9 /* Frameworks */ = {
			isa = PBXFrameworksBuildPhase;
			buildActionMask = 2147483647;
			files = (
			);
			runOnlyForDeploymentPostprocessing = 0;
		};
/* End PBXFrameworksBuildPhase section */

/* Begin PBXGroup section */
		2955918B1D8ECD5400AFA364 /* Test */ = {
			isa = PBXGroup;
			children = (
				2955918C1D8ECD5400AFA364 /* AppDelegate.swift */,
				2955918E1D8ECD5400AFA364 /* ViewController.swift */,
				295591901D8ECD5400AFA364 /* Main.storyboard */,
				295591931D8ECD5400AFA364 /* Assets.xcassets */,
				295591951D8ECD5400AFA364 /* LaunchScreen.storyboard */,
				295591981D8ECD5400AFA364 /* Info.plist */,
			);
			path = Test;
			sourceTree = "<group>";
		};
		F8944D5E1CB7AE3E00E0F3E9 = {
			isa = PBXGroup;
			children = (
				F8944D6A1CB7AE3E00E0F3E9 /* CollectionViewAdapter */,
				2955918B1D8ECD5400AFA364 /* Test */,
				F8944D691CB7AE3E00E0F3E9 /* Products */,
			);
			sourceTree = "<group>";
		};
		F8944D691CB7AE3E00E0F3E9 /* Products */ = {
			isa = PBXGroup;
			children = (
				F8944D681CB7AE3E00E0F3E9 /* CollectionViewAdapter.framework */,
				2955918A1D8ECD5400AFA364 /* Test.app */,
			);
			name = Products;
			sourceTree = "<group>";
		};
		F8944D6A1CB7AE3E00E0F3E9 /* CollectionViewAdapter */ = {
			isa = PBXGroup;
			children = (
				F8944D731CB7AE5700E0F3E9 /* CellDataHolder.swift */,
				F8944D741CB7AE5700E0F3E9 /* CellViewBinder.swift */,
				F8944D751CB7AE5700E0F3E9 /* CellViewBinderDelegates.swift */,
				29DF9CF61D86103F00916D21 /* ContentSize.swift */,
				29DF9CF81D86107F00916D21 /* UICollectionViewCell+ContentSize.swift */,
				292D558B1CBC468B0062BD1A /* DelegateCollectionCell.swift */,
				F8944D771CB7AE5700E0F3E9 /* DelegateCollectionView.swift */,
				F8944D781CB7AE5700E0F3E9 /* DelegeteCellManager.swift */,
				F8944D791CB7AE5700E0F3E9 /* DelegeteCellManager+CollectionViewDelegates.swift */,
				F8944D6B1CB7AE3E00E0F3E9 /* CollectionViewAdapter.h */,
				F8944D6D1CB7AE3E00E0F3E9 /* Info.plist */,
				29D2C44A1E1B0366004E9B0B /* UIView+Frame.swift */,
			);
			path = CollectionViewAdapter;
			sourceTree = "<group>";
		};
/* End PBXGroup section */

/* Begin PBXHeadersBuildPhase section */
		F8944D651CB7AE3E00E0F3E9 /* Headers */ = {
			isa = PBXHeadersBuildPhase;
			buildActionMask = 2147483647;
			files = (
				F8944D6C1CB7AE3E00E0F3E9 /* CollectionViewAdapter.h in Headers */,
			);
			runOnlyForDeploymentPostprocessing = 0;
		};
/* End PBXHeadersBuildPhase section */

/* Begin PBXNativeTarget section */
		295591891D8ECD5400AFA364 /* Test */ = {
			isa = PBXNativeTarget;
			buildConfigurationList = 2955919B1D8ECD5400AFA364 /* Build configuration list for PBXNativeTarget "Test" */;
			buildPhases = (
				295591861D8ECD5400AFA364 /* Sources */,
				295591871D8ECD5400AFA364 /* Frameworks */,
				295591881D8ECD5400AFA364 /* Resources */,
				F8B942C91DD9CFEF00B80A26 /* Embed Frameworks */,
			);
			buildRules = (
			);
			dependencies = (
				F8B942C81DD9CFEF00B80A26 /* PBXTargetDependency */,
			);
			name = Test;
			productName = Test;
			productReference = 2955918A1D8ECD5400AFA364 /* Test.app */;
			productType = "com.apple.product-type.application";
		};
		F8944D671CB7AE3E00E0F3E9 /* CollectionViewAdapter */ = {
			isa = PBXNativeTarget;
			buildConfigurationList = F8944D701CB7AE3E00E0F3E9 /* Build configuration list for PBXNativeTarget "CollectionViewAdapter" */;
			buildPhases = (
				F8944D631CB7AE3E00E0F3E9 /* Sources */,
				F8944D641CB7AE3E00E0F3E9 /* Frameworks */,
				F8944D651CB7AE3E00E0F3E9 /* Headers */,
				F8944D661CB7AE3E00E0F3E9 /* Resources */,
			);
			buildRules = (
			);
			dependencies = (
			);
			name = CollectionViewAdapter;
			productName = CollectionViewAdapter;
			productReference = F8944D681CB7AE3E00E0F3E9 /* CollectionViewAdapter.framework */;
			productType = "com.apple.product-type.framework";
		};
/* End PBXNativeTarget section */

/* Begin PBXProject section */
		F8944D5F1CB7AE3E00E0F3E9 /* Project object */ = {
			isa = PBXProject;
			attributes = {
				LastSwiftUpdateCheck = 0730;
				LastUpgradeCheck = 0810;
				ORGANIZATIONNAME = dimakorol;
				TargetAttributes = {
					295591891D8ECD5400AFA364 = {
						CreatedOnToolsVersion = 7.3.1;
						LastSwiftMigration = 0810;
					};
					F8944D671CB7AE3E00E0F3E9 = {
						CreatedOnToolsVersion = 7.3;
						LastSwiftMigration = 0810;
					};
				};
			};
			buildConfigurationList = F8944D621CB7AE3E00E0F3E9 /* Build configuration list for PBXProject "CollectionViewAdapter" */;
			compatibilityVersion = "Xcode 3.2";
			developmentRegion = English;
			hasScannedForEncodings = 0;
			knownRegions = (
				en,
				Base,
			);
			mainGroup = F8944D5E1CB7AE3E00E0F3E9;
			productRefGroup = F8944D691CB7AE3E00E0F3E9 /* Products */;
			projectDirPath = "";
			projectRoot = "";
			targets = (
				F8944D671CB7AE3E00E0F3E9 /* CollectionViewAdapter */,
				295591891D8ECD5400AFA364 /* Test */,
			);
		};
/* End PBXProject section */

/* Begin PBXResourcesBuildPhase section */
		295591881D8ECD5400AFA364 /* Resources */ = {
			isa = PBXResourcesBuildPhase;
			buildActionMask = 2147483647;
			files = (
				295591971D8ECD5400AFA364 /* LaunchScreen.storyboard in Resources */,
				295591941D8ECD5400AFA364 /* Assets.xcassets in Resources */,
				295591921D8ECD5400AFA364 /* Main.storyboard in Resources */,
			);
			runOnlyForDeploymentPostprocessing = 0;
		};
		F8944D661CB7AE3E00E0F3E9 /* Resources */ = {
			isa = PBXResourcesBuildPhase;
			buildActionMask = 2147483647;
			files = (
			);
			runOnlyForDeploymentPostprocessing = 0;
		};
/* End PBXResourcesBuildPhase section */

/* Begin PBXSourcesBuildPhase section */
		295591861D8ECD5400AFA364 /* Sources */ = {
			isa = PBXSourcesBuildPhase;
			buildActionMask = 2147483647;
			files = (
				2955918F1D8ECD5400AFA364 /* ViewController.swift in Sources */,
				2955918D1D8ECD5400AFA364 /* AppDelegate.swift in Sources */,
			);
			runOnlyForDeploymentPostprocessing = 0;
		};
		F8944D631CB7AE3E00E0F3E9 /* Sources */ = {
			isa = PBXSourcesBuildPhase;
			buildActionMask = 2147483647;
			files = (
				F8944D7E1CB7AE5700E0F3E9 /* DelegateCollectionView.swift in Sources */,
				F8944D801CB7AE5700E0F3E9 /* DelegeteCellManager+CollectionViewDelegates.swift in Sources */,
				29DF9CF71D86103F00916D21 /* ContentSize.swift in Sources */,
				29DF9CF91D86107F00916D21 /* UICollectionViewCell+ContentSize.swift in Sources */,
				F8944D7C1CB7AE5700E0F3E9 /* CellViewBinderDelegates.swift in Sources */,
				F8944D7F1CB7AE5700E0F3E9 /* DelegeteCellManager.swift in Sources */,
				29D2C44B1E1B0366004E9B0B /* UIView+Frame.swift in Sources */,
				F8944D7B1CB7AE5700E0F3E9 /* CellViewBinder.swift in Sources */,
				292D558C1CBC468B0062BD1A /* DelegateCollectionCell.swift in Sources */,
				F8944D7A1CB7AE5700E0F3E9 /* CellDataHolder.swift in Sources */,
			);
			runOnlyForDeploymentPostprocessing = 0;
		};
/* End PBXSourcesBuildPhase section */

/* Begin PBXTargetDependency section */
		F8B942C81DD9CFEF00B80A26 /* PBXTargetDependency */ = {
			isa = PBXTargetDependency;
			target = F8944D671CB7AE3E00E0F3E9 /* CollectionViewAdapter */;
			targetProxy = F8B942C71DD9CFEF00B80A26 /* PBXContainerItemProxy */;
		};
/* End PBXTargetDependency section */

/* Begin PBXVariantGroup section */
		295591901D8ECD5400AFA364 /* Main.storyboard */ = {
			isa = PBXVariantGroup;
			children = (
				295591911D8ECD5400AFA364 /* Base */,
			);
			name = Main.storyboard;
			sourceTree = "<group>";
		};
		295591951D8ECD5400AFA364 /* LaunchScreen.storyboard */ = {
			isa = PBXVariantGroup;
			children = (
				295591961D8ECD5400AFA364 /* Base */,
			);
			name = LaunchScreen.storyboard;
			sourceTree = "<group>";
		};
/* End PBXVariantGroup section */

/* Begin XCBuildConfiguration section */
		295591991D8ECD5400AFA364 /* Debug */ = {
			isa = XCBuildConfiguration;
			buildSettings = {
				ALWAYS_EMBED_SWIFT_STANDARD_LIBRARIES = YES;
				ASSETCATALOG_COMPILER_APPICON_NAME = AppIcon;
				INFOPLIST_FILE = Test/Info.plist;
				LD_RUNPATH_SEARCH_PATHS = "$(inherited) @executable_path/Frameworks";
				PRODUCT_BUNDLE_IDENTIFIER = com.dimakorol.CollectionViewAdapter.Test;
				PRODUCT_NAME = "$(TARGET_NAME)";
				SWIFT_VERSION = 3.0;
			};
			name = Debug;
		};
		2955919A1D8ECD5400AFA364 /* Release */ = {
			isa = XCBuildConfiguration;
			buildSettings = {
				ALWAYS_EMBED_SWIFT_STANDARD_LIBRARIES = YES;
				ASSETCATALOG_COMPILER_APPICON_NAME = AppIcon;
				INFOPLIST_FILE = Test/Info.plist;
				LD_RUNPATH_SEARCH_PATHS = "$(inherited) @executable_path/Frameworks";
				PRODUCT_BUNDLE_IDENTIFIER = com.dimakorol.CollectionViewAdapter.Test;
				PRODUCT_NAME = "$(TARGET_NAME)";
				SWIFT_VERSION = 3.0;
			};
			name = Release;
		};
		F8944D6E1CB7AE3E00E0F3E9 /* Debug */ = {
			isa = XCBuildConfiguration;
			buildSettings = {
				ALWAYS_SEARCH_USER_PATHS = NO;
				CLANG_ANALYZER_NONNULL = YES;
				CLANG_CXX_LANGUAGE_STANDARD = "gnu++0x";
				CLANG_CXX_LIBRARY = "libc++";
				CLANG_ENABLE_MODULES = YES;
				CLANG_ENABLE_OBJC_ARC = YES;
				CLANG_WARN_BOOL_CONVERSION = YES;
				CLANG_WARN_CONSTANT_CONVERSION = YES;
				CLANG_WARN_DIRECT_OBJC_ISA_USAGE = YES_ERROR;
				CLANG_WARN_EMPTY_BODY = YES;
				CLANG_WARN_ENUM_CONVERSION = YES;
				CLANG_WARN_INFINITE_RECURSION = YES;
				CLANG_WARN_INT_CONVERSION = YES;
				CLANG_WARN_OBJC_ROOT_CLASS = YES_ERROR;
				CLANG_WARN_SUSPICIOUS_MOVE = YES;
				CLANG_WARN_UNREACHABLE_CODE = YES;
				CLANG_WARN__DUPLICATE_METHOD_MATCH = YES;
				"CODE_SIGN_IDENTITY[sdk=iphoneos*]" = "iPhone Developer";
				COPY_PHASE_STRIP = NO;
				CURRENT_PROJECT_VERSION = 1;
				DEBUG_INFORMATION_FORMAT = dwarf;
				ENABLE_STRICT_OBJC_MSGSEND = YES;
				ENABLE_TESTABILITY = YES;
				GCC_C_LANGUAGE_STANDARD = gnu99;
				GCC_DYNAMIC_NO_PIC = NO;
				GCC_NO_COMMON_BLOCKS = YES;
				GCC_OPTIMIZATION_LEVEL = 0;
				GCC_PREPROCESSOR_DEFINITIONS = (
					"DEBUG=1",
					"$(inherited)",
				);
				GCC_WARN_64_TO_32_BIT_CONVERSION = YES;
				GCC_WARN_ABOUT_RETURN_TYPE = YES_ERROR;
				GCC_WARN_UNDECLARED_SELECTOR = YES;
				GCC_WARN_UNINITIALIZED_AUTOS = YES_AGGRESSIVE;
				GCC_WARN_UNUSED_FUNCTION = YES;
				GCC_WARN_UNUSED_VARIABLE = YES;
				IPHONEOS_DEPLOYMENT_TARGET = 9.3;
				MTL_ENABLE_DEBUG_INFO = YES;
				ONLY_ACTIVE_ARCH = YES;
				SDKROOT = iphoneos;
				SWIFT_OPTIMIZATION_LEVEL = "-Onone";
				TARGETED_DEVICE_FAMILY = "1,2";
				VERSIONING_SYSTEM = "apple-generic";
				VERSION_INFO_PREFIX = "";
			};
			name = Debug;
		};
		F8944D6F1CB7AE3E00E0F3E9 /* Release */ = {
			isa = XCBuildConfiguration;
			buildSettings = {
				ALWAYS_SEARCH_USER_PATHS = NO;
				CLANG_ANALYZER_NONNULL = YES;
				CLANG_CXX_LANGUAGE_STANDARD = "gnu++0x";
				CLANG_CXX_LIBRARY = "libc++";
				CLANG_ENABLE_MODULES = YES;
				CLANG_ENABLE_OBJC_ARC = YES;
				CLANG_WARN_BOOL_CONVERSION = YES;
				CLANG_WARN_CONSTANT_CONVERSION = YES;
				CLANG_WARN_DIRECT_OBJC_ISA_USAGE = YES_ERROR;
				CLANG_WARN_EMPTY_BODY = YES;
				CLANG_WARN_ENUM_CONVERSION = YES;
				CLANG_WARN_INFINITE_RECURSION = YES;
				CLANG_WARN_INT_CONVERSION = YES;
				CLANG_WARN_OBJC_ROOT_CLASS = YES_ERROR;
				CLANG_WARN_SUSPICIOUS_MOVE = YES;
				CLANG_WARN_UNREACHABLE_CODE = YES;
				CLANG_WARN__DUPLICATE_METHOD_MATCH = YES;
				"CODE_SIGN_IDENTITY[sdk=iphoneos*]" = "iPhone Developer";
				COPY_PHASE_STRIP = NO;
				CURRENT_PROJECT_VERSION = 1;
				DEBUG_INFORMATION_FORMAT = "dwarf-with-dsym";
				ENABLE_NS_ASSERTIONS = NO;
				ENABLE_STRICT_OBJC_MSGSEND = YES;
				GCC_C_LANGUAGE_STANDARD = gnu99;
				GCC_NO_COMMON_BLOCKS = YES;
				GCC_WARN_64_TO_32_BIT_CONVERSION = YES;
				GCC_WARN_ABOUT_RETURN_TYPE = YES_ERROR;
				GCC_WARN_UNDECLARED_SELECTOR = YES;
				GCC_WARN_UNINITIALIZED_AUTOS = YES_AGGRESSIVE;
				GCC_WARN_UNUSED_FUNCTION = YES;
				GCC_WARN_UNUSED_VARIABLE = YES;
				IPHONEOS_DEPLOYMENT_TARGET = 9.3;
				MTL_ENABLE_DEBUG_INFO = NO;
				SDKROOT = iphoneos;
				SWIFT_OPTIMIZATION_LEVEL = "-Owholemodule";
				TARGETED_DEVICE_FAMILY = "1,2";
				VALIDATE_PRODUCT = YES;
				VERSIONING_SYSTEM = "apple-generic";
				VERSION_INFO_PREFIX = "";
			};
			name = Release;
		};
		F8944D711CB7AE3E00E0F3E9 /* Debug */ = {
			isa = XCBuildConfiguration;
			buildSettings = {
				CLANG_ENABLE_MODULES = YES;
				DEFINES_MODULE = YES;
				DYLIB_COMPATIBILITY_VERSION = 1;
				DYLIB_CURRENT_VERSION = 1;
				DYLIB_INSTALL_NAME_BASE = "@rpath";
				INFOPLIST_FILE = CollectionViewAdapter/Info.plist;
				INSTALL_PATH = "$(LOCAL_LIBRARY_DIR)/Frameworks";
				IPHONEOS_DEPLOYMENT_TARGET = 8.0;
				LD_RUNPATH_SEARCH_PATHS = "$(inherited) @executable_path/Frameworks @loader_path/Frameworks";
				PRODUCT_BUNDLE_IDENTIFIER = com.dimakorol.CollectionViewAdapter;
				PRODUCT_NAME = "$(TARGET_NAME)";
				SKIP_INSTALL = YES;
				SWIFT_OPTIMIZATION_LEVEL = "-Onone";
				SWIFT_VERSION = 3.0;
			};
			name = Debug;
		};
		F8944D721CB7AE3E00E0F3E9 /* Release */ = {
			isa = XCBuildConfiguration;
			buildSettings = {
				CLANG_ENABLE_MODULES = YES;
				DEFINES_MODULE = YES;
				DYLIB_COMPATIBILITY_VERSION = 1;
				DYLIB_CURRENT_VERSION = 1;
				DYLIB_INSTALL_NAME_BASE = "@rpath";
				INFOPLIST_FILE = CollectionViewAdapter/Info.plist;
				INSTALL_PATH = "$(LOCAL_LIBRARY_DIR)/Frameworks";
				IPHONEOS_DEPLOYMENT_TARGET = 8.0;
				LD_RUNPATH_SEARCH_PATHS = "$(inherited) @executable_path/Frameworks @loader_path/Frameworks";
				PRODUCT_BUNDLE_IDENTIFIER = com.dimakorol.CollectionViewAdapter;
				PRODUCT_NAME = "$(TARGET_NAME)";
				SKIP_INSTALL = YES;
				SWIFT_VERSION = 3.0;
			};
			name = Release;
		};
/* End XCBuildConfiguration section */

/* Begin XCConfigurationList section */
		2955919B1D8ECD5400AFA364 /* Build configuration list for PBXNativeTarget "Test" */ = {
			isa = XCConfigurationList;
			buildConfigurations = (
				295591991D8ECD5400AFA364 /* Debug */,
				2955919A1D8ECD5400AFA364 /* Release */,
			);
			defaultConfigurationIsVisible = 0;
			defaultConfigurationName = Release;
		};
		F8944D621CB7AE3E00E0F3E9 /* Build configuration list for PBXProject "CollectionViewAdapter" */ = {
			isa = XCConfigurationList;
			buildConfigurations = (
				F8944D6E1CB7AE3E00E0F3E9 /* Debug */,
				F8944D6F1CB7AE3E00E0F3E9 /* Release */,
			);
			defaultConfigurationIsVisible = 0;
			defaultConfigurationName = Release;
		};
		F8944D701CB7AE3E00E0F3E9 /* Build configuration list for PBXNativeTarget "CollectionViewAdapter" */ = {
			isa = XCConfigurationList;
			buildConfigurations = (
				F8944D711CB7AE3E00E0F3E9 /* Debug */,
				F8944D721CB7AE3E00E0F3E9 /* Release */,
			);
			defaultConfigurationIsVisible = 0;
			defaultConfigurationName = Release;
		};
/* End XCConfigurationList section */
	};
	rootObject = F8944D5F1CB7AE3E00E0F3E9 /* Project object */;
}
